{
  "version": 4,
  "terraform_version": "0.12.21",
  "serial": 10,
  "lineage": "8a7c756c-bee7-d5c6-a002-4ed64ddbacbc",
  "outputs": {},
  "resources": [
    {
      "module": "module.example_gitlab",
      "mode": "managed",
      "type": "gitlab_project",
      "name": "example",
      "provider": "module.example_gitlab.provider.gitlab",
      "instances": [
        {
          "schema_version": 0,
          "attributes": {
            "approvals_before_merge": 0,
            "archived": false,
            "container_registry_enabled": true,
            "default_branch": "",
            "description": "",
            "http_url_to_repo": "https://gitlab.com/rgdevrianza/example-terraform-for-gitlab.git",
            "id": "17327872",
            "initialize_with_readme": null,
            "issues_enabled": true,
            "lfs_enabled": true,
            "merge_method": "merge",
            "merge_requests_enabled": true,
            "name": "example-terraform-for-gitlab",
            "namespace_id": 3734009,
            "only_allow_merge_if_all_discussions_are_resolved": false,
            "only_allow_merge_if_pipeline_succeeds": false,
            "path": "example-terraform-for-gitlab",
            "pipelines_enabled": true,
            "request_access_enabled": true,
            "runners_token": "stzqSDSqoRLXMYsEXjdN",
            "shared_runners_enabled": false,
            "shared_with_groups": [],
            "snippets_enabled": true,
            "ssh_url_to_repo": "git@gitlab.com:rgdevrianza/example-terraform-for-gitlab.git",
            "tags": null,
            "visibility_level": "private",
            "web_url": "https://gitlab.com/rgdevrianza/example-terraform-for-gitlab",
            "wiki_enabled": true
          },
          "private": "bnVsbA=="
        }
      ]
    }
  ]
}
